
Microsoft Visual Studio Solution File, Format Version 12.00
# Visual Studio Version 17
VisualStudioVersion = 17.9.34728.123
MinimumVisualStudioVersion = 10.0.40219.1
Project("{FAE04EC0-301F-11D3-BF4B-00C04F79EFBC}") = "VottingApp", "VottingApp\VottingApp\VottingApp.csproj", "{621A1FF7-67B7-4478-8D74-0D7C70998F15}"
EndProject
Project("{FAE04EC0-301F-11D3-BF4B-00C04F79EFBC}") = "VottingApp.Client", "VottingApp\VottingApp.Client\VottingApp.Client.csproj", "{0CC80B3D-1921-4593-87CE-05CA01379815}"
EndProject
Project("{FAE04EC0-301F-11D3-BF4B-00C04F79EFBC}") = "Shared", "Shared\Shared.csproj", "{7E46CD8B-37ED-4470-847E-70F5F67DF523}"
EndProject
Global
	GlobalSection(SolutionConfigurationPlatforms) = preSolution
		Debug|Any CPU = Debug|Any CPU
		Release|Any CPU = Release|Any CPU
	EndGlobalSection
	GlobalSection(ProjectConfigurationPlatforms) = postSolution
		{621A1FF7-67B7-4478-8D74-0D7C70998F15}.Debug|Any CPU.ActiveCfg = Debug|Any CPU
		{621A1FF7-67B7-4478-8D74-0D7C70998F15}.Debug|Any CPU.Build.0 = Debug|Any CPU
		{621A1FF7-67B7-4478-8D74-0D7C70998F15}.Release|Any CPU.ActiveCfg = Release|Any CPU
		{621A1FF7-67B7-4478-8D74-0D7C70998F15}.Release|Any CPU.Build.0 = Release|Any CPU
		{0CC80B3D-1921-4593-87CE-05CA01379815}.Debug|Any CPU.ActiveCfg = Debug|Any CPU
		{0CC80B3D-1921-4593-87CE-05CA01379815}.Debug|Any CPU.Build.0 = Debug|Any CPU
		{0CC80B3D-1921-4593-87CE-05CA01379815}.Release|Any CPU.ActiveCfg = Release|Any CPU
		{0CC80B3D-1921-4593-87CE-05CA01379815}.Release|Any CPU.Build.0 = Release|Any CPU
		{7E46CD8B-37ED-4470-847E-70F5F67DF523}.Debug|Any CPU.ActiveCfg = Debug|Any CPU
		{7E46CD8B-37ED-4470-847E-70F5F67DF523}.Debug|Any CPU.Build.0 = Debug|Any CPU
		{7E46CD8B-37ED-4470-847E-70F5F67DF523}.Release|Any CPU.ActiveCfg = Release|Any CPU
		{7E46CD8B-37ED-4470-847E-70F5F67DF523}.Release|Any CPU.Build.0 = Release|Any CPU
	EndGlobalSection
	GlobalSection(SolutionProperties) = preSolution
		HideSolutionNode = FALSE
	EndGlobalSection
	GlobalSection(ExtensibilityGlobals) = postSolution
		SolutionGuid = {82C3B26F-1A85-454D-AE89-B19D3B4D853A}
	EndGlobalSection
EndGlobal
